Microsoft Visual Studio Solution File, Format Version 12.00
# Visual Studio Version 17
VisualStudioVersion = 17.5.2.0
MinimumVisualStudioVersion = 10.0.40219.1
Project("{2150E333-8FDC-42A3-9474-1A3956D46DE8}") = "custom", "custom", "{2CFBD9EE-AE3C-B756-B380-22A6C2A9666D}"
EndProject
Project("{2150E333-8FDC-42A3-9474-1A3956D46DE8}") = "tests", "tests", "{0AB3BF05-4346-4AA6-1389-037BE0695223}"
EndProject
Project("{2150E333-8FDC-42A3-9474-1A3956D46DE8}") = "PowerShell", "PowerShell", "{5802D546-AD97-3449-9A4F-FC3E62F5C25D}"
EndProject
Project("{2150E333-8FDC-42A3-9474-1A3956D46DE8}") = "examples", "examples", "{54B8244E-53D9-EF6A-CCB9-2F9658AF8571}"
EndProject
Project("{2150E333-8FDC-42A3-9474-1A3956D46DE8}") = "binary-cmdlet", "binary-cmdlet", "{FA90E5DA-D2AA-DEEA-72FC-92480BCF2851}"
EndProject
Project("{FAE04EC0-301F-11D3-BF4B-00C04F79EFBC}") = "MyBinaryCmdlet", "custom\PowerShell\examples\binary-cmdlet\MyBinaryCmdlet.csproj", "{6EF7676B-1C54-BA55-353C-DA892AEC5F5D}"
EndProject
Project("{2150E333-8FDC-42A3-9474-1A3956D46DE8}") = "LLM", "LLM", "{95519D92-E832-1001-62D0-3B83F84CE0D1}"
EndProject
Project("{2150E333-8FDC-42A3-9474-1A3956D46DE8}") = "results", "results", "{2257AF95-F654-00FA-76D4-799257A39E88}"
EndProject
Project("{2150E333-8FDC-42A3-9474-1A3956D46DE8}") = "20260307-234757", "20260307-234757", "{3CA271D9-19A2-426A-0B5D-E108F2D43B33}"
EndProject
Project("{2150E333-8FDC-42A3-9474-1A3956D46DE8}") = "01-crud-api-with-validation", "01-crud-api-with-validation", "{4E0103F2-D044-F2A7-61DC-B83B02E2DE52}"
EndProject
Project("{2150E333-8FDC-42A3-9474-1A3956D46DE8}") = "claude-haiku-4.5", "claude-haiku-4.5", "{FDC00205-E148-9604-E480-2E22FCD5DEF6}"
EndProject
Project("{2150E333-8FDC-42A3-9474-1A3956D46DE8}") = "code", "code", "{5A8FA786-08BA-EA63-6F54-1F9917F54C91}"
EndProject
Project("{FAE04EC0-301F-11D3-BF4B-00C04F79EFBC}") = "ProductApi", "tests\LLM\results\20260307-234757\01-crud-api-with-validation\claude-haiku-4.5\code\ProductApi.csproj", "{845E1AD3-B730-EF66-6894-A2BD86DBCCC5}"
EndProject
Project("{2150E333-8FDC-42A3-9474-1A3956D46DE8}") = "gemini-3-pro-preview", "gemini-3-pro-preview", "{7DA7C210-E9C6-F7BF-7B4B-06A9DFC9A098}"
EndProject
Project("{2150E333-8FDC-42A3-9474-1A3956D46DE8}") = "code", "code", "{55DBD945-4B1A-3476-AF3F-552A9A3A81C0}"
EndProject
Project("{FAE04EC0-301F-11D3-BF4B-00C04F79EFBC}") = "ProductApi", "tests\LLM\results\20260307-234757\01-crud-api-with-validation\gemini-3-pro-preview\code\ProductApi.csproj", "{9D9FB5FD-83B7-A1A0-3C81-D200D917EDCB}"
EndProject
Project("{2150E333-8FDC-42A3-9474-1A3956D46DE8}") = "gpt-5.4", "gpt-5.4", "{68BEAA9C-F4AC-FDBE-A800-4473FBEA8BA7}"
EndProject
Project("{2150E333-8FDC-42A3-9474-1A3956D46DE8}") = "code", "code", "{3420CFC0-3BAF-EC39-3C0E-BBE4C0FAEE02}"
EndProject
Project("{FAE04EC0-301F-11D3-BF4B-00C04F79EFBC}") = "ProductApi", "tests\LLM\results\20260307-234757\01-crud-api-with-validation\gpt-5.4\code\ProductApi.csproj", "{A3461529-F808-8623-B22E-CC4B0C0607FB}"
EndProject
Project("{2150E333-8FDC-42A3-9474-1A3956D46DE8}") = "02-auth-api", "02-auth-api", "{2E797A9D-B4B5-33ED-2215-091727D1367F}"
EndProject
Project("{2150E333-8FDC-42A3-9474-1A3956D46DE8}") = "claude-haiku-4.5", "claude-haiku-4.5", "{6B9007F8-B15E-EEE1-2DCA-3ECD9EDD59FC}"
EndProject
Project("{2150E333-8FDC-42A3-9474-1A3956D46DE8}") = "code", "code", "{7932FEA2-5293-95A2-3581-78D5D5864542}"
EndProject
Project("{FAE04EC0-301F-11D3-BF4B-00C04F79EFBC}") = "AuthApi", "tests\LLM\results\20260307-234757\02-auth-api\claude-haiku-4.5\code\AuthApi.csproj", "{1DD4B835-8DA5-99E4-6646-284A2E4D6044}"
EndProject
Project("{2150E333-8FDC-42A3-9474-1A3956D46DE8}") = "gpt-5.1-codex-mini", "gpt-5.1-codex-mini", "{EC15BC34-7147-1953-90EF-EC6C73C55E81}"
EndProject
Project("{2150E333-8FDC-42A3-9474-1A3956D46DE8}") = "code", "code", "{73C62801-B0F6-9F2F-FE2D-E6F2A8D68391}"
EndProject
Project("{FAE04EC0-301F-11D3-BF4B-00C04F79EFBC}") = "AuthApi", "tests\LLM\results\20260307-234757\02-auth-api\gpt-5.1-codex-mini\code\AuthApi.csproj", "{38DE5145-D3E2-189D-6A58-CEC627BA4BF2}"
EndProject
Project("{2150E333-8FDC-42A3-9474-1A3956D46DE8}") = "gpt-5.4", "gpt-5.4", "{D11D961D-BB78-5069-4924-1FB2A748FC7C}"
EndProject
Project("{2150E333-8FDC-42A3-9474-1A3956D46DE8}") = "code", "code", "{2630ABF1-C46F-0100-593E-258F41F53EF3}"
EndProject
Project("{FAE04EC0-301F-11D3-BF4B-00C04F79EFBC}") = "AuthApi", "tests\LLM\results\20260307-234757\02-auth-api\gpt-5.4\code\AuthApi.csproj", "{1BDAA48C-3234-6C50-F394-9B125C0D294C}"
EndProject
Global
	GlobalSection(SolutionConfigurationPlatforms) = preSolution
		Debug|Any CPU = Debug|Any CPU
		Release|Any CPU = Release|Any CPU
	EndGlobalSection
	GlobalSection(ProjectConfigurationPlatforms) = postSolution
		{6EF7676B-1C54-BA55-353C-DA892AEC5F5D}.Debug|Any CPU.ActiveCfg = Debug|Any CPU
		{6EF7676B-1C54-BA55-353C-DA892AEC5F5D}.Debug|Any CPU.Build.0 = Debug|Any CPU
		{6EF7676B-1C54-BA55-353C-DA892AEC5F5D}.Release|Any CPU.ActiveCfg = Release|Any CPU
		{6EF7676B-1C54-BA55-353C-DA892AEC5F5D}.Release|Any CPU.Build.0 = Release|Any CPU
		{845E1AD3-B730-EF66-6894-A2BD86DBCCC5}.Debug|Any CPU.ActiveCfg = Debug|Any CPU
		{845E1AD3-B730-EF66-6894-A2BD86DBCCC5}.Debug|Any CPU.Build.0 = Debug|Any CPU
		{845E1AD3-B730-EF66-6894-A2BD86DBCCC5}.Release|Any CPU.ActiveCfg = Release|Any CPU
		{845E1AD3-B730-EF66-6894-A2BD86DBCCC5}.Release|Any CPU.Build.0 = Release|Any CPU
		{9D9FB5FD-83B7-A1A0-3C81-D200D917EDCB}.Debug|Any CPU.ActiveCfg = Debug|Any CPU
		{9D9FB5FD-83B7-A1A0-3C81-D200D917EDCB}.Debug|Any CPU.Build.0 = Debug|Any CPU
		{9D9FB5FD-83B7-A1A0-3C81-D200D917EDCB}.Release|Any CPU.ActiveCfg = Release|Any CPU
		{9D9FB5FD-83B7-A1A0-3C81-D200D917EDCB}.Release|Any CPU.Build.0 = Release|Any CPU
		{A3461529-F808-8623-B22E-CC4B0C0607FB}.Debug|Any CPU.ActiveCfg = Debug|Any CPU
		{A3461529-F808-8623-B22E-CC4B0C0607FB}.Debug|Any CPU.Build.0 = Debug|Any CPU
		{A3461529-F808-8623-B22E-CC4B0C0607FB}.Release|Any CPU.ActiveCfg = Release|Any CPU
		{A3461529-F808-8623-B22E-CC4B0C0607FB}.Release|Any CPU.Build.0 = Release|Any CPU
		{1DD4B835-8DA5-99E4-6646-284A2E4D6044}.Debug|Any CPU.ActiveCfg = Debug|Any CPU
		{1DD4B835-8DA5-99E4-6646-284A2E4D6044}.Debug|Any CPU.Build.0 = Debug|Any CPU
		{1DD4B835-8DA5-99E4-6646-284A2E4D6044}.Release|Any CPU.ActiveCfg = Release|Any CPU
		{1DD4B835-8DA5-99E4-6646-284A2E4D6044}.Release|Any CPU.Build.0 = Release|Any CPU
		{38DE5145-D3E2-189D-6A58-CEC627BA4BF2}.Debug|Any CPU.ActiveCfg = Debug|Any CPU
		{38DE5145-D3E2-189D-6A58-CEC627BA4BF2}.Debug|Any CPU.Build.0 = Debug|Any CPU
		{38DE5145-D3E2-189D-6A58-CEC627BA4BF2}.Release|Any CPU.ActiveCfg = Release|Any CPU
		{38DE5145-D3E2-189D-6A58-CEC627BA4BF2}.Release|Any CPU.Build.0 = Release|Any CPU
		{1BDAA48C-3234-6C50-F394-9B125C0D294C}.Debug|Any CPU.ActiveCfg = Debug|Any CPU
		{1BDAA48C-3234-6C50-F394-9B125C0D294C}.Debug|Any CPU.Build.0 = Debug|Any CPU
		{1BDAA48C-3234-6C50-F394-9B125C0D294C}.Release|Any CPU.ActiveCfg = Release|Any CPU
		{1BDAA48C-3234-6C50-F394-9B125C0D294C}.Release|Any CPU.Build.0 = Release|Any CPU
	EndGlobalSection
	GlobalSection(SolutionProperties) = preSolution
		HideSolutionNode = FALSE
	EndGlobalSection
	GlobalSection(NestedProjects) = preSolution
		{5802D546-AD97-3449-9A4F-FC3E62F5C25D} = {2CFBD9EE-AE3C-B756-B380-22A6C2A9666D}
		{54B8244E-53D9-EF6A-CCB9-2F9658AF8571} = {5802D546-AD97-3449-9A4F-FC3E62F5C25D}
		{FA90E5DA-D2AA-DEEA-72FC-92480BCF2851} = {54B8244E-53D9-EF6A-CCB9-2F9658AF8571}
		{6EF7676B-1C54-BA55-353C-DA892AEC5F5D} = {FA90E5DA-D2AA-DEEA-72FC-92480BCF2851}
		{95519D92-E832-1001-62D0-3B83F84CE0D1} = {0AB3BF05-4346-4AA6-1389-037BE0695223}
		{2257AF95-F654-00FA-76D4-799257A39E88} = {95519D92-E832-1001-62D0-3B83F84CE0D1}
		{3CA271D9-19A2-426A-0B5D-E108F2D43B33} = {2257AF95-F654-00FA-76D4-799257A39E88}
		{4E0103F2-D044-F2A7-61DC-B83B02E2DE52} = {3CA271D9-19A2-426A-0B5D-E108F2D43B33}
		{FDC00205-E148-9604-E480-2E22FCD5DEF6} = {4E0103F2-D044-F2A7-61DC-B83B02E2DE52}
		{5A8FA786-08BA-EA63-6F54-1F9917F54C91} = {FDC00205-E148-9604-E480-2E22FCD5DEF6}
		{845E1AD3-B730-EF66-6894-A2BD86DBCCC5} = {5A8FA786-08BA-EA63-6F54-1F9917F54C91}
		{7DA7C210-E9C6-F7BF-7B4B-06A9DFC9A098} = {4E0103F2-D044-F2A7-61DC-B83B02E2DE52}
		{55DBD945-4B1A-3476-AF3F-552A9A3A81C0} = {7DA7C210-E9C6-F7BF-7B4B-06A9DFC9A098}
		{9D9FB5FD-83B7-A1A0-3C81-D200D917EDCB} = {55DBD945-4B1A-3476-AF3F-552A9A3A81C0}
		{68BEAA9C-F4AC-FDBE-A800-4473FBEA8BA7} = {4E0103F2-D044-F2A7-61DC-B83B02E2DE52}
		{3420CFC0-3BAF-EC39-3C0E-BBE4C0FAEE02} = {68BEAA9C-F4AC-FDBE-A800-4473FBEA8BA7}
		{A3461529-F808-8623-B22E-CC4B0C0607FB} = {3420CFC0-3BAF-EC39-3C0E-BBE4C0FAEE02}
		{2E797A9D-B4B5-33ED-2215-091727D1367F} = {3CA271D9-19A2-426A-0B5D-E108F2D43B33}
		{6B9007F8-B15E-EEE1-2DCA-3ECD9EDD59FC} = {2E797A9D-B4B5-33ED-2215-091727D1367F}
		{7932FEA2-5293-95A2-3581-78D5D5864542} = {6B9007F8-B15E-EEE1-2DCA-3ECD9EDD59FC}
		{1DD4B835-8DA5-99E4-6646-284A2E4D6044} = {7932FEA2-5293-95A2-3581-78D5D5864542}
		{EC15BC34-7147-1953-90EF-EC6C73C55E81} = {2E797A9D-B4B5-33ED-2215-091727D1367F}
		{73C62801-B0F6-9F2F-FE2D-E6F2A8D68391} = {EC15BC34-7147-1953-90EF-EC6C73C55E81}
		{38DE5145-D3E2-189D-6A58-CEC627BA4BF2} = {73C62801-B0F6-9F2F-FE2D-E6F2A8D68391}
		{D11D961D-BB78-5069-4924-1FB2A748FC7C} = {2E797A9D-B4B5-33ED-2215-091727D1367F}
		{2630ABF1-C46F-0100-593E-258F41F53EF3} = {D11D961D-BB78-5069-4924-1FB2A748FC7C}
		{1BDAA48C-3234-6C50-F394-9B125C0D294C} = {2630ABF1-C46F-0100-593E-258F41F53EF3}
	EndGlobalSection
	GlobalSection(ExtensibilityGlobals) = postSolution
		SolutionGuid = {7EF55B0A-CD98-4DDC-9301-71247E47F524}
	EndGlobalSection
EndGlobal
